{
  "name": "Kards10",
  "lockfileVersion": 2,
  "requires": true,
  "packages": {
    "": {
      "dependencies": {
        "donutty": "^2.4.0"
      }
    },
    "node_modules/donutty": {
      "version": "2.4.0",
      "resolved": "https://registry.npmjs.org/donutty/-/donutty-2.4.0.tgz",
      "integrity": "sha512-9g/JmMxbPzLbU+NrZGv6erGc4+qUIJYeYANyx1soYfQll+Ew6xIK80FSLf5tc3FxPH5IX260leF78M8QuZleVw=="
    }
  },
  "dependencies": {
    "donutty": {
      "version": "2.4.0",
      "resolved": "https://registry.npmjs.org/donutty/-/donutty-2.4.0.tgz",
      "integrity": "sha512-9g/JmMxbPzLbU+NrZGv6erGc4+qUIJYeYANyx1soYfQll+Ew6xIK80FSLf5tc3FxPH5IX260leF78M8QuZleVw=="
    }
  }
}
